PODS:
  - MKDatePicker (1.3.0):
    - XBAlertViewController (~> 1.0.1)
  - XBAlertViewController (1.0.1)

DEPENDENCIES:
  - MKDatePicker (from `../`)

SPEC REPOS:
  trunk:
    - XBAlertViewController

EXTERNAL SOURCES:
  MKDatePicker:
    :path: "../"

SPEC CHECKSUMS:
  MKDatePicker: b4d295b89907c577596a08a194ee0f3c537cbab5
  XBAlertViewController: f3cf6bdbaffed1322471f752104fa86001f05c4c

PODFILE CHECKSUM: a56aa90a8d54e5ec22828a59a64bbd1e2a0e6ff9

COCOAPODS: 1.11.3
