PODS:
  - MKDatePicker (1.0.0):
    - XBAlertViewController (~> 1.0.1)
  - XBAlertViewController (1.0.1)

DEPENDENCIES:
  - MKDatePicker (from `../`)

SPEC REPOS:
  https://mirrors.tuna.tsinghua.edu.cn/git/CocoaPods/Specs.git:
    - XBAlertViewController

EXTERNAL SOURCES:
  MKDatePicker:
    :path: "../"

SPEC CHECKSUMS:
  MKDatePicker: a970f707327e080e0b73984edf2df098a63e1f0a
  XBAlertViewController: f3cf6bdbaffed1322471f752104fa86001f05c4c

PODFILE CHECKSUM: 1b0f929d03c4b920ed3c7b4f70cce9b39e89f3e8

COCOAPODS: 1.9.1
